
Microsoft Visual Studio Solution File, Format Version 12.00
# Visual Studio Version 16
VisualStudioVersion = 16.0.33927.289
MinimumVisualStudioVersion = 10.0.40219.1
Project("{FAE04EC0-301F-11D3-BF4B-00C04F79EFBC}") = "Tyuiu.UleevRI.Sprint3.Task0.V29", "Tyuiu.UleevRI.Sprint3.Task0.V29\Tyuiu.UleevRI.Sprint3.Task0.V29.csproj", "{378210DD-BF30-4F07-B3D4-4173AEE1CD80}"
EndProject
Project("{2150E333-8FDC-42A3-9474-1A3956D46DE8}") = "Task0", "Task0", "{F2C6ADCA-C2DD-4F29-B6EF-28FE022D2073}"
EndProject
Project("{FAE04EC0-301F-11D3-BF4B-00C04F79EFBC}") = "Tyuiu.UleevRI.Sprint3.Task0.V29.Lib", "Tyuiu.UleevRI.Sprint3.Task0.V29.Lib\Tyuiu.UleevRI.Sprint3.Task0.V29.Lib.csproj", "{922E47EB-2853-43D2-B805-6C1ECC6FD933}"
EndProject
Project("{FAE04EC0-301F-11D3-BF4B-00C04F79EFBC}") = "Tyuiu.UleevRI.Sprint3.Task0.V29.Test", "Tyuiu.UleevRI.Sprint3.Task0.V29.Test\Tyuiu.UleevRI.Sprint3.Task0.V29.Test.csproj", "{D910EF0F-E3FB-4E09-867F-0F5802A6DA2C}"
EndProject
Project("{2150E333-8FDC-42A3-9474-1A3956D46DE8}") = "Task1", "Task1", "{AF2C388C-CFB4-4FC6-BC78-BD22D56D235C}"
EndProject
Project("{FAE04EC0-301F-11D3-BF4B-00C04F79EFBC}") = "Tyuiu.UleevRI.Sprint3.Task1.V11", "Tyuiu.UleevRI.Sprint3.Task1.V11\Tyuiu.UleevRI.Sprint3.Task1.V11.csproj", "{4C8FBB55-B89D-42A4-B617-E2347A60FC40}"
EndProject
Project("{FAE04EC0-301F-11D3-BF4B-00C04F79EFBC}") = "Tyuiu.UleevRI.Sprint3.Task1.V11.Lib", "Tyuiu.UleevRI.Sprint3.Task1.V11.Lib\Tyuiu.UleevRI.Sprint3.Task1.V11.Lib.csproj", "{77A1D0E0-6FCC-4C13-8278-913FE881AD74}"
EndProject
Project("{FAE04EC0-301F-11D3-BF4B-00C04F79EFBC}") = "Tyuiu.UleevRI.Sprint3.Task1.V11.Test", "Tyuiu.UleevRI.Sprint3.Task1.V11.Test\Tyuiu.UleevRI.Sprint3.Task1.V11.Test.csproj", "{189A67C4-F856-49B9-8202-05EB1C5BCB58}"
EndProject
Project("{2150E333-8FDC-42A3-9474-1A3956D46DE8}") = "Task2", "Task2", "{B25BEDBA-D648-48E2-8451-02F9F9FC266C}"
EndProject
Project("{FAE04EC0-301F-11D3-BF4B-00C04F79EFBC}") = "Tyuiu.UleevRI.Sprint3.Task2.V19", "Tyuiu.UleevRI.Sprint3.Task2.V19\Tyuiu.UleevRI.Sprint3.Task2.V19.csproj", "{14B95819-AA73-4759-A282-376587194CA1}"
EndProject
Project("{FAE04EC0-301F-11D3-BF4B-00C04F79EFBC}") = "Tyuiu.UleevRI.Sprint3.Task2.V19.Lib", "Tyuiu.UleevRI.Sprint3.Task2.V19.Lib\Tyuiu.UleevRI.Sprint3.Task2.V19.Lib.csproj", "{FCAE83E8-99FD-4220-A4E6-A011092DB09C}"
EndProject
Project("{FAE04EC0-301F-11D3-BF4B-00C04F79EFBC}") = "Tyuiu.UleevRI.Sprint3.Task2.V19.Test", "Tyuiu.UleevRI.Sprint3.Task2.V19.Test\Tyuiu.UleevRI.Sprint3.Task2.V19.Test.csproj", "{9BEC36D6-131A-4E2B-BE70-10E8E2C27997}"
EndProject
Project("{2150E333-8FDC-42A3-9474-1A3956D46DE8}") = "Task3", "Task3", "{991EC6D5-A102-4C46-9FA5-244B557EE389}"
EndProject
Project("{FAE04EC0-301F-11D3-BF4B-00C04F79EFBC}") = "Tyuiu.UleevRI.Sprint3.Task3.V8", "Tyuiu.UleevRI.Sprint3.Task3.V8\Tyuiu.UleevRI.Sprint3.Task3.V8.csproj", "{B1CAB237-BCB4-4B32-A608-484774448E0C}"
EndProject
Project("{FAE04EC0-301F-11D3-BF4B-00C04F79EFBC}") = "Tyuiu.UleevRI.Sprint3.Task3.V8.Lib", "Tyuiu.UleevRI.Sprint3.Task3.V8.Lib\Tyuiu.UleevRI.Sprint3.Task3.V8.Lib.csproj", "{4DA83C30-9CB0-48E9-935E-7EB684CDB867}"
EndProject
Project("{FAE04EC0-301F-11D3-BF4B-00C04F79EFBC}") = "Tyuiu.UleevRI.Sprint3.Task3.V8.Test", "Tyuiu.UleevRI.Sprint3.Task3.V8.Test\Tyuiu.UleevRI.Sprint3.Task3.V8.Test.csproj", "{681DCF33-A6BF-4CD5-905B-EEC41626D16C}"
EndProject
Project("{2150E333-8FDC-42A3-9474-1A3956D46DE8}") = "Task4", "Task4", "{345E4F6F-536A-41B1-8814-3F9BB1B6E031}"
EndProject
Project("{FAE04EC0-301F-11D3-BF4B-00C04F79EFBC}") = "Tyuiu.UleevRI.Sprint3.Task4.V17", "Tyuiu.UleevRI.Sprint3.Task4.V17\Tyuiu.UleevRI.Sprint3.Task4.V17.csproj", "{49616709-0002-4AF5-8DFA-0EAD103852C5}"
EndProject
Project("{FAE04EC0-301F-11D3-BF4B-00C04F79EFBC}") = "Tyuiu.UleevRI.Sprint3.Task4.V17.Lib", "Tyuiu.UleevRI.Sprint3.Task4.V17.Lib\Tyuiu.UleevRI.Sprint3.Task4.V17.Lib.csproj", "{FBDD3B7C-9369-4E63-9B8A-2A6E1E504443}"
EndProject
Project("{FAE04EC0-301F-11D3-BF4B-00C04F79EFBC}") = "Tyuiu.UleevRI.Sprint3.Task4.V17.Test", "Tyuiu.UleevRI.Sprint3.Task4.V17.Test\Tyuiu.UleevRI.Sprint3.Task4.V17.Test.csproj", "{BF83A369-494E-489A-8609-718B858FAA05}"
EndProject
Global
	GlobalSection(SolutionConfigurationPlatforms) = preSolution
		Debug|Any CPU = Debug|Any CPU
		Release|Any CPU = Release|Any CPU
	EndGlobalSection
	GlobalSection(ProjectConfigurationPlatforms) = postSolution
		{378210DD-BF30-4F07-B3D4-4173AEE1CD80}.Debug|Any CPU.ActiveCfg = Debug|Any CPU
		{378210DD-BF30-4F07-B3D4-4173AEE1CD80}.Debug|Any CPU.Build.0 = Debug|Any CPU
		{378210DD-BF30-4F07-B3D4-4173AEE1CD80}.Release|Any CPU.ActiveCfg = Release|Any CPU
		{378210DD-BF30-4F07-B3D4-4173AEE1CD80}.Release|Any CPU.Build.0 = Release|Any CPU
		{922E47EB-2853-43D2-B805-6C1ECC6FD933}.Debug|Any CPU.ActiveCfg = Debug|Any CPU
		{922E47EB-2853-43D2-B805-6C1ECC6FD933}.Debug|Any CPU.Build.0 = Debug|Any CPU
		{922E47EB-2853-43D2-B805-6C1ECC6FD933}.Release|Any CPU.ActiveCfg = Release|Any CPU
		{922E47EB-2853-43D2-B805-6C1ECC6FD933}.Release|Any CPU.Build.0 = Release|Any CPU
		{D910EF0F-E3FB-4E09-867F-0F5802A6DA2C}.Debug|Any CPU.ActiveCfg = Debug|Any CPU
		{D910EF0F-E3FB-4E09-867F-0F5802A6DA2C}.Debug|Any CPU.Build.0 = Debug|Any CPU
		{D910EF0F-E3FB-4E09-867F-0F5802A6DA2C}.Release|Any CPU.ActiveCfg = Release|Any CPU
		{D910EF0F-E3FB-4E09-867F-0F5802A6DA2C}.Release|Any CPU.Build.0 = Release|Any CPU
		{4C8FBB55-B89D-42A4-B617-E2347A60FC40}.Debug|Any CPU.ActiveCfg = Debug|Any CPU
		{4C8FBB55-B89D-42A4-B617-E2347A60FC40}.Debug|Any CPU.Build.0 = Debug|Any CPU
		{4C8FBB55-B89D-42A4-B617-E2347A60FC40}.Release|Any CPU.ActiveCfg = Release|Any CPU
		{4C8FBB55-B89D-42A4-B617-E2347A60FC40}.Release|Any CPU.Build.0 = Release|Any CPU
		{77A1D0E0-6FCC-4C13-8278-913FE881AD74}.Debug|Any CPU.ActiveCfg = Debug|Any CPU
		{77A1D0E0-6FCC-4C13-8278-913FE881AD74}.Debug|Any CPU.Build.0 = Debug|Any CPU
		{77A1D0E0-6FCC-4C13-8278-913FE881AD74}.Release|Any CPU.ActiveCfg = Release|Any CPU
		{77A1D0E0-6FCC-4C13-8278-913FE881AD74}.Release|Any CPU.Build.0 = Release|Any CPU
		{189A67C4-F856-49B9-8202-05EB1C5BCB58}.Debug|Any CPU.ActiveCfg = Debug|Any CPU
		{189A67C4-F856-49B9-8202-05EB1C5BCB58}.Debug|Any CPU.Build.0 = Debug|Any CPU
		{189A67C4-F856-49B9-8202-05EB1C5BCB58}.Release|Any CPU.ActiveCfg = Release|Any CPU
		{189A67C4-F856-49B9-8202-05EB1C5BCB58}.Release|Any CPU.Build.0 = Release|Any CPU
		{14B95819-AA73-4759-A282-376587194CA1}.Debug|Any CPU.ActiveCfg = Debug|Any CPU
		{14B95819-AA73-4759-A282-376587194CA1}.Debug|Any CPU.Build.0 = Debug|Any CPU
		{14B95819-AA73-4759-A282-376587194CA1}.Release|Any CPU.ActiveCfg = Release|Any CPU
		{14B95819-AA73-4759-A282-376587194CA1}.Release|Any CPU.Build.0 = Release|Any CPU
		{FCAE83E8-99FD-4220-A4E6-A011092DB09C}.Debug|Any CPU.ActiveCfg = Debug|Any CPU
		{FCAE83E8-99FD-4220-A4E6-A011092DB09C}.Debug|Any CPU.Build.0 = Debug|Any CPU
		{FCAE83E8-99FD-4220-A4E6-A011092DB09C}.Release|Any CPU.ActiveCfg = Release|Any CPU
		{FCAE83E8-99FD-4220-A4E6-A011092DB09C}.Release|Any CPU.Build.0 = Release|Any CPU
		{9BEC36D6-131A-4E2B-BE70-10E8E2C27997}.Debug|Any CPU.ActiveCfg = Debug|Any CPU
		{9BEC36D6-131A-4E2B-BE70-10E8E2C27997}.Debug|Any CPU.Build.0 = Debug|Any CPU
		{9BEC36D6-131A-4E2B-BE70-10E8E2C27997}.Release|Any CPU.ActiveCfg = Release|Any CPU
		{9BEC36D6-131A-4E2B-BE70-10E8E2C27997}.Release|Any CPU.Build.0 = Release|Any CPU
		{B1CAB237-BCB4-4B32-A608-484774448E0C}.Debug|Any CPU.ActiveCfg = Debug|Any CPU
		{B1CAB237-BCB4-4B32-A608-484774448E0C}.Debug|Any CPU.Build.0 = Debug|Any CPU
		{B1CAB237-BCB4-4B32-A608-484774448E0C}.Release|Any CPU.ActiveCfg = Release|Any CPU
		{B1CAB237-BCB4-4B32-A608-484774448E0C}.Release|Any CPU.Build.0 = Release|Any CPU
		{4DA83C30-9CB0-48E9-935E-7EB684CDB867}.Debug|Any CPU.ActiveCfg = Debug|Any CPU
		{4DA83C30-9CB0-48E9-935E-7EB684CDB867}.Debug|Any CPU.Build.0 = Debug|Any CPU
		{4DA83C30-9CB0-48E9-935E-7EB684CDB867}.Release|Any CPU.ActiveCfg = Release|Any CPU
		{4DA83C30-9CB0-48E9-935E-7EB684CDB867}.Release|Any CPU.Build.0 = Release|Any CPU
		{681DCF33-A6BF-4CD5-905B-EEC41626D16C}.Debug|Any CPU.ActiveCfg = Debug|Any CPU
		{681DCF33-A6BF-4CD5-905B-EEC41626D16C}.Debug|Any CPU.Build.0 = Debug|Any CPU
		{681DCF33-A6BF-4CD5-905B-EEC41626D16C}.Release|Any CPU.ActiveCfg = Release|Any CPU
		{681DCF33-A6BF-4CD5-905B-EEC41626D16C}.Release|Any CPU.Build.0 = Release|Any CPU
		{49616709-0002-4AF5-8DFA-0EAD103852C5}.Debug|Any CPU.ActiveCfg = Debug|Any CPU
		{49616709-0002-4AF5-8DFA-0EAD103852C5}.Debug|Any CPU.Build.0 = Debug|Any CPU
		{49616709-0002-4AF5-8DFA-0EAD103852C5}.Release|Any CPU.ActiveCfg = Release|Any CPU
		{49616709-0002-4AF5-8DFA-0EAD103852C5}.Release|Any CPU.Build.0 = Release|Any CPU
		{FBDD3B7C-9369-4E63-9B8A-2A6E1E504443}.Debug|Any CPU.ActiveCfg = Debug|Any CPU
		{FBDD3B7C-9369-4E63-9B8A-2A6E1E504443}.Debug|Any CPU.Build.0 = Debug|Any CPU
		{FBDD3B7C-9369-4E63-9B8A-2A6E1E504443}.Release|Any CPU.ActiveCfg = Release|Any CPU
		{FBDD3B7C-9369-4E63-9B8A-2A6E1E504443}.Release|Any CPU.Build.0 = Release|Any CPU
		{BF83A369-494E-489A-8609-718B858FAA05}.Debug|Any CPU.ActiveCfg = Debug|Any CPU
		{BF83A369-494E-489A-8609-718B858FAA05}.Debug|Any CPU.Build.0 = Debug|Any CPU
		{BF83A369-494E-489A-8609-718B858FAA05}.Release|Any CPU.ActiveCfg = Release|Any CPU
		{BF83A369-494E-489A-8609-718B858FAA05}.Release|Any CPU.Build.0 = Release|Any CPU
	EndGlobalSection
	GlobalSection(SolutionProperties) = preSolution
		HideSolutionNode = FALSE
	EndGlobalSection
	GlobalSection(NestedProjects) = preSolution
		{378210DD-BF30-4F07-B3D4-4173AEE1CD80} = {F2C6ADCA-C2DD-4F29-B6EF-28FE022D2073}
		{922E47EB-2853-43D2-B805-6C1ECC6FD933} = {F2C6ADCA-C2DD-4F29-B6EF-28FE022D2073}
		{D910EF0F-E3FB-4E09-867F-0F5802A6DA2C} = {F2C6ADCA-C2DD-4F29-B6EF-28FE022D2073}
		{4C8FBB55-B89D-42A4-B617-E2347A60FC40} = {AF2C388C-CFB4-4FC6-BC78-BD22D56D235C}
		{77A1D0E0-6FCC-4C13-8278-913FE881AD74} = {AF2C388C-CFB4-4FC6-BC78-BD22D56D235C}
		{189A67C4-F856-49B9-8202-05EB1C5BCB58} = {AF2C388C-CFB4-4FC6-BC78-BD22D56D235C}
		{14B95819-AA73-4759-A282-376587194CA1} = {B25BEDBA-D648-48E2-8451-02F9F9FC266C}
		{FCAE83E8-99FD-4220-A4E6-A011092DB09C} = {B25BEDBA-D648-48E2-8451-02F9F9FC266C}
		{9BEC36D6-131A-4E2B-BE70-10E8E2C27997} = {B25BEDBA-D648-48E2-8451-02F9F9FC266C}
		{B1CAB237-BCB4-4B32-A608-484774448E0C} = {991EC6D5-A102-4C46-9FA5-244B557EE389}
		{4DA83C30-9CB0-48E9-935E-7EB684CDB867} = {991EC6D5-A102-4C46-9FA5-244B557EE389}
		{681DCF33-A6BF-4CD5-905B-EEC41626D16C} = {991EC6D5-A102-4C46-9FA5-244B557EE389}
		{49616709-0002-4AF5-8DFA-0EAD103852C5} = {345E4F6F-536A-41B1-8814-3F9BB1B6E031}
		{FBDD3B7C-9369-4E63-9B8A-2A6E1E504443} = {345E4F6F-536A-41B1-8814-3F9BB1B6E031}
		{BF83A369-494E-489A-8609-718B858FAA05} = {345E4F6F-536A-41B1-8814-3F9BB1B6E031}
	EndGlobalSection
	GlobalSection(ExtensibilityGlobals) = postSolution
		SolutionGuid = {B5131A16-A53F-49D5-9DE6-4D84FB6F4CF3}
	EndGlobalSection
EndGlobal
